
Microsoft Visual Studio Solution File, Format Version 12.00
# Visual Studio Version 16
VisualStudioVersion = 16.0.34031.81
MinimumVisualStudioVersion = 10.0.40219.1
Project("{FAE04EC0-301F-11D3-BF4B-00C04F79EFBC}") = "StudentMS_Falcotelo", "StudentMS_Falcotelo\StudentMS_Falcotelo.csproj", "{172A752B-9522-4179-8492-31FCDEE35698}"
EndProject
Global
	GlobalSection(SolutionConfigurationPlatforms) = preSolution
		Debug|Any CPU = Debug|Any CPU
		Release|Any CPU = Release|Any CPU
	EndGlobalSection
	GlobalSection(ProjectConfigurationPlatforms) = postSolution
		{172A752B-9522-4179-8492-31FCDEE35698}.Debug|Any CPU.ActiveCfg = Debug|Any CPU
		{172A752B-9522-4179-8492-31FCDEE35698}.Debug|Any CPU.Build.0 = Debug|Any CPU
		{172A752B-9522-4179-8492-31FCDEE35698}.Release|Any CPU.ActiveCfg = Release|Any CPU
		{172A752B-9522-4179-8492-31FCDEE35698}.Release|Any CPU.Build.0 = Release|Any CPU
	EndGlobalSection
	GlobalSection(SolutionProperties) = preSolution
		HideSolutionNode = FALSE
	EndGlobalSection
	GlobalSection(ExtensibilityGlobals) = postSolution
		SolutionGuid = {CCF40820-0A1B-4B43-B0B6-F9F064148456}
	EndGlobalSection
EndGlobal
